// !$*UTF8*$!
{
	archiveVersion = 1;
	classes = {
	};
	objectVersion = 50;
	objects = {

/* Begin PBXBuildFile section */
		7FCF002E25C27BC700D152D7 /* AppDelegate.swift in Sources */ = {isa = PBXBuildFile; fileRef = 7FCF002D25C27BC700D152D7 /* AppDelegate.swift */; };
		7FCF003025C27BC700D152D7 /* SceneDelegate.swift in Sources */ = {isa = PBXBuildFile; fileRef = 7FCF002F25C27BC700D152D7 /* SceneDelegate.swift */; };
		7FCF003225C27BC700D152D7 /* ViewController.swift in Sources */ = {isa = PBXBuildFile; fileRef = 7FCF003125C27BC700D152D7 /* ViewController.swift */; };
		7FCF003525C27BC700D152D7 /* Main.storyboard in Resources */ = {isa = PBXBuildFile; fileRef = 7FCF003325C27BC700D152D7 /* Main.storyboard */; };
		7FCF003725C27BC900D152D7 /* Assets.xcassets in Resources */ = {isa = PBXBuildFile; fileRef = 7FCF003625C27BC900D152D7 /* Assets.xcassets */; };
		7FCF003A25C27BC900D152D7 /* LaunchScreen.storyboard in Resources */ = {isa = PBXBuildFile; fileRef = 7FCF003825C27BC900D152D7 /* LaunchScreen.storyboard */; };
		7FCF004525C27BC900D152D7 /* autopayTests.swift in Sources */ = {isa = PBXBuildFile; fileRef = 7FCF004425C27BC900D152D7 /* autopayTests.swift */; };
		7FCF005025C27BC900D152D7 /* autopayUITests.swift in Sources */ = {isa = PBXBuildFile; fileRef = 7FCF004F25C27BC900D152D7 /* autopayUITests.swift */; };
		7FCF006125C27E2F00D152D7 /* LoginViewController.swift in Sources */ = {isa = PBXBuildFile; fileRef = 7FCF006025C27E2F00D152D7 /* LoginViewController.swift */; };
		7FCF006625C3C83900D152D7 /* RegisterViewController.swift in Sources */ = {isa = PBXBuildFile; fileRef = 7FCF006525C3C83900D152D7 /* RegisterViewController.swift */; };
/* End PBXBuildFile section */

/* Begin PBXContainerItemProxy section */
		7FCF004125C27BC900D152D7 /* PBXContainerItemProxy */ = {
			isa = PBXContainerItemProxy;
			containerPortal = 7FCF002225C27BC700D152D7 /* Project object */;
			proxyType = 1;
			remoteGlobalIDString = 7FCF002925C27BC700D152D7;
			remoteInfo = autopay;
		};
		7FCF004C25C27BC900D152D7 /* PBXContainerItemProxy */ = {
			isa = PBXContainerItemProxy;
			containerPortal = 7FCF002225C27BC700D152D7 /* Project object */;
			proxyType = 1;
			remoteGlobalIDString = 7FCF002925C27BC700D152D7;
			remoteInfo = autopay;
		};
/* End PBXContainerItemProxy section */

/* Begin PBXFileReference section */
		7FCF002A25C27BC700D152D7 /* autopay.app */ = {isa = PBXFileReference; explicitFileType = wrapper.application; includeInIndex = 0; path = autopay.app; sourceTree = BUILT_PRODUCTS_DIR; };
		7FCF002D25C27BC700D152D7 /* AppDelegate.swift */ = {isa = PBXFileReference; lastKnownFileType = sourcecode.swift; path = AppDelegate.swift; sourceTree = "<group>"; };
		7FCF002F25C27BC700D152D7 /* SceneDelegate.swift */ = {isa = PBXFileReference; lastKnownFileType = sourcecode.swift; path = SceneDelegate.swift; sourceTree = "<group>"; };
		7FCF003125C27BC700D152D7 /* ViewController.swift */ = {isa = PBXFileReference; lastKnownFileType = sourcecode.swift; path = ViewController.swift; sourceTree = "<group>"; };
		7FCF003425C27BC700D152D7 /* Base */ = {isa = PBXFileReference; lastKnownFileType = file.storyboard; name = Base; path = Base.lproj/Main.storyboard; sourceTree = "<group>"; };
		7FCF003625C27BC900D152D7 /* Assets.xcassets */ = {isa = PBXFileReference; lastKnownFileType = folder.assetcatalog; path = Assets.xcassets; sourceTree = "<group>"; };
		7FCF003925C27BC900D152D7 /* Base */ = {isa = PBXFileReference; lastKnownFileType = file.storyboard; name = Base; path = Base.lproj/LaunchScreen.storyboard; sourceTree = "<group>"; };
		7FCF003B25C27BC900D152D7 /* Info.plist */ = {isa = PBXFileReference; lastKnownFileType = text.plist.xml; path = Info.plist; sourceTree = "<group>"; };
		7FCF004025C27BC900D152D7 /* autopayTests.xctest */ = {isa = PBXFileReference; explicitFileType = wrapper.cfbundle; includeInIndex = 0; path = autopayTests.xctest; sourceTree = BUILT_PRODUCTS_DIR; };
		7FCF004425C27BC900D152D7 /* autopayTests.swift */ = {isa = PBXFileReference; lastKnownFileType = sourcecode.swift; path = autopayTests.swift; sourceTree = "<group>"; };
		7FCF004625C27BC900D152D7 /* Info.plist */ = {isa = PBXFileReference; lastKnownFileType = text.plist.xml; path = Info.plist; sourceTree = "<group>"; };
		7FCF004B25C27BC900D152D7 /* autopayUITests.xctest */ = {isa = PBXFileReference; explicitFileType = wrapper.cfbundle; includeInIndex = 0; path = autopayUITests.xctest; sourceTree = BUILT_PRODUCTS_DIR; };
		7FCF004F25C27BC900D152D7 /* autopayUITests.swift */ = {isa = PBXFileReference; lastKnownFileType = sourcecode.swift; path = autopayUITests.swift; sourceTree = "<group>"; };
		7FCF005125C27BC900D152D7 /* Info.plist */ = {isa = PBXFileReference; lastKnownFileType = text.plist.xml; path = Info.plist; sourceTree = "<group>"; };
		7FCF006025C27E2F00D152D7 /* LoginViewController.swift */ = {isa = PBXFileReference; lastKnownFileType = sourcecode.swift; path = LoginViewController.swift; sourceTree = "<group>"; };
		7FCF006525C3C83900D152D7 /* RegisterViewController.swift */ = {isa = PBXFileReference; lastKnownFileType = sourcecode.swift; path = RegisterViewController.swift; sourceTree = "<group>"; };
/* End PBXFileReference section */

/* Begin PBXFrameworksBuildPhase section */
		7FCF002725C27BC700D152D7 /* Frameworks */ = {
			isa = PBXFrameworksBuildPhase;
			buildActionMask = 2147483647;
			files = (
			);
			runOnlyForDeploymentPostprocessing = 0;
		};
		7FCF003D25C27BC900D152D7 /* Frameworks */ = {
			isa = PBXFrameworksBuildPhase;
			buildActionMask = 2147483647;
			files = (
			);
			runOnlyForDeploymentPostprocessing = 0;
		};
		7FCF004825C27BC900D152D7 /* Frameworks */ = {
			isa = PBXFrameworksBuildPhase;
			buildActionMask = 2147483647;
			files = (
			);
			runOnlyForDeploymentPostprocessing = 0;
		};
/* End PBXFrameworksBuildPhase section */

/* Begin PBXGroup section */
		7FCF002125C27BC700D152D7 = {
			isa = PBXGroup;
			children = (
				7FCF002C25C27BC700D152D7 /* autopay */,
				7FCF004325C27BC900D152D7 /* autopayTests */,
				7FCF004E25C27BC900D152D7 /* autopayUITests */,
				7FCF002B25C27BC700D152D7 /* Products */,
			);
			sourceTree = "<group>";
		};
		7FCF002B25C27BC700D152D7 /* Products */ = {
			isa = PBXGroup;
			children = (
				7FCF002A25C27BC700D152D7 /* autopay.app */,
				7FCF004025C27BC900D152D7 /* autopayTests.xctest */,
				7FCF004B25C27BC900D152D7 /* autopayUITests.xctest */,
			);
			name = Products;
			sourceTree = "<group>";
		};
		7FCF002C25C27BC700D152D7 /* autopay */ = {
			isa = PBXGroup;
			children = (
				7FCF002D25C27BC700D152D7 /* AppDelegate.swift */,
				7FCF002F25C27BC700D152D7 /* SceneDelegate.swift */,
				7FCF003125C27BC700D152D7 /* ViewController.swift */,
				7FCF006025C27E2F00D152D7 /* LoginViewController.swift */,
				7FCF003325C27BC700D152D7 /* Main.storyboard */,
				7FCF006525C3C83900D152D7 /* RegisterViewController.swift */,
				7FCF003625C27BC900D152D7 /* Assets.xcassets */,
				7FCF003825C27BC900D152D7 /* LaunchScreen.storyboard */,
				7FCF003B25C27BC900D152D7 /* Info.plist */,
			);
			path = autopay;
			sourceTree = "<group>";
		};
		7FCF004325C27BC900D152D7 /* autopayTests */ = {
			isa = PBXGroup;
			children = (
				7FCF004425C27BC900D152D7 /* autopayTests.swift */,
				7FCF004625C27BC900D152D7 /* Info.plist */,
			);
			path = autopayTests;
			sourceTree = "<group>";
		};
		7FCF004E25C27BC900D152D7 /* autopayUITests */ = {
			isa = PBXGroup;
			children = (
				7FCF004F25C27BC900D152D7 /* autopayUITests.swift */,
				7FCF005125C27BC900D152D7 /* Info.plist */,
			);
			path = autopayUITests;
			sourceTree = "<group>";
		};
/* End PBXGroup section */

/* Begin PBXNativeTarget section */
		7FCF002925C27BC700D152D7 /* autopay */ = {
			isa = PBXNativeTarget;
			buildConfigurationList = 7FCF005425C27BC900D152D7 /* Build configuration list for PBXNativeTarget "autopay" */;
			buildPhases = (
				7FCF002625C27BC700D152D7 /* Sources */,
				7FCF002725C27BC700D152D7 /* Frameworks */,
				7FCF002825C27BC700D152D7 /* Resources */,
			);
			buildRules = (
			);
			dependencies = (
			);
			name = autopay;
			productName = autopay;
			productReference = 7FCF002A25C27BC700D152D7 /* autopay.app */;
			productType = "com.apple.product-type.application";
		};
		7FCF003F25C27BC900D152D7 /* autopayTests */ = {
			isa = PBXNativeTarget;
			buildConfigurationList = 7FCF005725C27BC900D152D7 /* Build configuration list for PBXNativeTarget "autopayTests" */;
			buildPhases = (
				7FCF003C25C27BC900D152D7 /* Sources */,
				7FCF003D25C27BC900D152D7 /* Frameworks */,
				7FCF003E25C27BC900D152D7 /* Resources */,
			);
			buildRules = (
			);
			dependencies = (
				7FCF004225C27BC900D152D7 /* PBXTargetDependency */,
			);
			name = autopayTests;
			productName = autopayTests;
			productReference = 7FCF004025C27BC900D152D7 /* autopayTests.xctest */;
			productType = "com.apple.product-type.bundle.unit-test";
		};
		7FCF004A25C27BC900D152D7 /* autopayUITests */ = {
			isa = PBXNativeTarget;
			buildConfigurationList = 7FCF005A25C27BC900D152D7 /* Build configuration list for PBXNativeTarget "autopayUITests" */;
			buildPhases = (
				7FCF004725C27BC900D152D7 /* Sources */,
				7FCF004825C27BC900D152D7 /* Frameworks */,
				7FCF004925C27BC900D152D7 /* Resources */,
			);
			buildRules = (
			);
			dependencies = (
				7FCF004D25C27BC900D152D7 /* PBXTargetDependency */,
			);
			name = autopayUITests;
			productName = autopayUITests;
			productReference = 7FCF004B25C27BC900D152D7 /* autopayUITests.xctest */;
			productType = "com.apple.product-type.bundle.ui-testing";
		};
/* End PBXNativeTarget section */

/* Begin PBXProject section */
		7FCF002225C27BC700D152D7 /* Project object */ = {
			isa = PBXProject;
			attributes = {
				LastSwiftUpdateCheck = 1230;
				LastUpgradeCheck = 1230;
				TargetAttributes = {
					7FCF002925C27BC700D152D7 = {
						CreatedOnToolsVersion = 12.3;
					};
					7FCF003F25C27BC900D152D7 = {
						CreatedOnToolsVersion = 12.3;
						TestTargetID = 7FCF002925C27BC700D152D7;
					};
					7FCF004A25C27BC900D152D7 = {
						CreatedOnToolsVersion = 12.3;
						TestTargetID = 7FCF002925C27BC700D152D7;
					};
				};
			};
			buildConfigurationList = 7FCF002525C27BC700D152D7 /* Build configuration list for PBXProject "autopay" */;
			compatibilityVersion = "Xcode 9.3";
			developmentRegion = en;
			hasScannedForEncodings = 0;
			knownRegions = (
				en,
				Base,
			);
			mainGroup = 7FCF002125C27BC700D152D7;
			productRefGroup = 7FCF002B25C27BC700D152D7 /* Products */;
			projectDirPath = "";
			projectRoot = "";
			targets = (
				7FCF002925C27BC700D152D7 /* autopay */,
				7FCF003F25C27BC900D152D7 /* autopayTests */,
				7FCF004A25C27BC900D152D7 /* autopayUITests */,
			);
		};
/* End PBXProject section */

/* Begin PBXResourcesBuildPhase section */
		7FCF002825C27BC700D152D7 /* Resources */ = {
			isa = PBXResourcesBuildPhase;
			buildActionMask = 2147483647;
			files = (
				7FCF003A25C27BC900D152D7 /* LaunchScreen.storyboard in Resources */,
				7FCF003725C27BC900D152D7 /* Assets.xcassets in Resources */,
				7FCF003525C27BC700D152D7 /* Main.storyboard in Resources */,
			);
			runOnlyForDeploymentPostprocessing = 0;
		};
		7FCF003E25C27BC900D152D7 /* Resources */ = {
			isa = PBXResourcesBuildPhase;
			buildActionMask = 2147483647;
			files = (
			);
			runOnlyForDeploymentPostprocessing = 0;
		};
		7FCF004925C27BC900D152D7 /* Resources */ = {
			isa = PBXResourcesBuildPhase;
			buildActionMask = 2147483647;
			files = (
			);
			runOnlyForDeploymentPostprocessing = 0;
		};
/* End PBXResourcesBuildPhase section */

/* Begin PBXSourcesBuildPhase section */
		7FCF002625C27BC700D152D7 /* Sources */ = {
			isa = PBXSourcesBuildPhase;
			buildActionMask = 2147483647;
			files = (
				7FCF006125C27E2F00D152D7 /* LoginViewController.swift in Sources */,
				7FCF006625C3C83900D152D7 /* RegisterViewController.swift in Sources */,
				7FCF003225C27BC700D152D7 /* ViewController.swift in Sources */,
				7FCF002E25C27BC700D152D7 /* AppDelegate.swift in Sources */,
				7FCF003025C27BC700D152D7 /* SceneDelegate.swift in Sources */,
			);
			runOnlyForDeploymentPostprocessing = 0;
		};
		7FCF003C25C27BC900D152D7 /* Sources */ = {
			isa = PBXSourcesBuildPhase;
			buildActionMask = 2147483647;
			files = (
				7FCF004525C27BC900D152D7 /* autopayTests.swift in Sources */,
			);
			runOnlyForDeploymentPostprocessing = 0;
		};
		7FCF004725C27BC900D152D7 /* Sources */ = {
			isa = PBXSourcesBuildPhase;
			buildActionMask = 2147483647;
			files = (
				7FCF005025C27BC900D152D7 /* autopayUITests.swift in Sources */,
			);
			runOnlyForDeploymentPostprocessing = 0;
		};
/* End PBXSourcesBuildPhase section */

/* Begin PBXTargetDependency section */
		7FCF004225C27BC900D152D7 /* PBXTargetDependency */ = {
			isa = PBXTargetDependency;
			target = 7FCF002925C27BC700D152D7 /* autopay */;
			targetProxy = 7FCF004125C27BC900D152D7 /* PBXContainerItemProxy */;
		};
		7FCF004D25C27BC900D152D7 /* PBXTargetDependency */ = {
			isa = PBXTargetDependency;
			target = 7FCF002925C27BC700D152D7 /* autopay */;
			targetProxy = 7FCF004C25C27BC900D152D7 /* PBXContainerItemProxy */;
		};
/* End PBXTargetDependency section */

/* Begin PBXVariantGroup section */
		7FCF003325C27BC700D152D7 /* Main.storyboard */ = {
			isa = PBXVariantGroup;
			children = (
				7FCF003425C27BC700D152D7 /* Base */,
			);
			name = Main.storyboard;
			sourceTree = "<group>";
		};
		7FCF003825C27BC900D152D7 /* LaunchScreen.storyboard */ = {
			isa = PBXVariantGroup;
			children = (
				7FCF003925C27BC900D152D7 /* Base */,
			);
			name = LaunchScreen.storyboard;
			sourceTree = "<group>";
		};
/* End PBXVariantGroup section */

/* Begin XCBuildConfiguration section */
		7FCF005225C27BC900D152D7 /* Debug */ = {
			isa = XCBuildConfiguration;
			buildSettings = {
				ALWAYS_SEARCH_USER_PATHS = NO;
				CLANG_ANALYZER_NONNULL = YES;
				CLANG_ANALYZER_NUMBER_OBJECT_CONVERSION = YES_AGGRESSIVE;
				CLANG_CXX_LANGUAGE_STANDARD = "gnu++14";
				CLANG_CXX_LIBRARY = "libc++";
				CLANG_ENABLE_MODULES = YES;
				CLANG_ENABLE_OBJC_ARC = YES;
				CLANG_ENABLE_OBJC_WEAK = YES;
				CLANG_WARN_BLOCK_CAPTURE_AUTORELEASING = YES;
				CLANG_WARN_BOOL_CONVERSION = YES;
				CLANG_WARN_COMMA = YES;
				CLANG_WARN_CONSTANT_CONVERSION = YES;
				CLANG_WARN_DEPRECATED_OBJC_IMPLEMENTATIONS = YES;
				CLANG_WARN_DIRECT_OBJC_ISA_USAGE = YES_ERROR;
				CLANG_WARN_DOCUMENTATION_COMMENTS = YES;
				CLANG_WARN_EMPTY_BODY = YES;
				CLANG_WARN_ENUM_CONVERSION = YES;
				CLANG_WARN_INFINITE_RECURSION = YES;
				CLANG_WARN_INT_CONVERSION = YES;
				CLANG_WARN_NON_LITERAL_NULL_CONVERSION = YES;
				CLANG_WARN_OBJC_IMPLICIT_RETAIN_SELF = YES;
				CLANG_WARN_OBJC_LITERAL_CONVERSION = YES;
				CLANG_WARN_OBJC_ROOT_CLASS = YES_ERROR;
				CLANG_WARN_QUOTED_INCLUDE_IN_FRAMEWORK_HEADER = YES;
				CLANG_WARN_RANGE_LOOP_ANALYSIS = YES;
				CLANG_WARN_STRICT_PROTOTYPES = YES;
				CLANG_WARN_SUSPICIOUS_MOVE = YES;
				CLANG_WARN_UNGUARDED_AVAILABILITY = YES_AGGRESSIVE;
				CLANG_WARN_UNREACHABLE_CODE = YES;
				CLANG_WARN__DUPLICATE_METHOD_MATCH = YES;
				COPY_PHASE_STRIP = NO;
				DEBUG_INFORMATION_FORMAT = dwarf;
				ENABLE_STRICT_OBJC_MSGSEND = YES;
				ENABLE_TESTABILITY = YES;
				GCC_C_LANGUAGE_STANDARD = gnu11;
				GCC_DYNAMIC_NO_PIC = NO;
				GCC_NO_COMMON_BLOCKS = YES;
				GCC_OPTIMIZATION_LEVEL = 0;
				GCC_PREPROCESSOR_DEFINITIONS = (
					"DEBUG=1",
					"$(inherited)",
				);
				GCC_WARN_64_TO_32_BIT_CONVERSION = YES;
				GCC_WARN_ABOUT_RETURN_TYPE = YES_ERROR;
				GCC_WARN_UNDECLARED_SELECTOR = YES;
				GCC_WARN_UNINITIALIZED_AUTOS = YES_AGGRESSIVE;
				GCC_WARN_UNUSED_FUNCTION = YES;
				GCC_WARN_UNUSED_VARIABLE = YES;
				IPHONEOS_DEPLOYMENT_TARGET = 14.3;
				MTL_ENABLE_DEBUG_INFO = INCLUDE_SOURCE;
				MTL_FAST_MATH = YES;
				ONLY_ACTIVE_ARCH = YES;
				SDKROOT = iphoneos;
				SWIFT_ACTIVE_COMPILATION_CONDITIONS = DEBUG;
				SWIFT_OPTIMIZATION_LEVEL = "-Onone";
			};
			name = Debug;
		};
		7FCF005325C27BC900D152D7 /* Release */ = {
			isa = XCBuildConfiguration;
			buildSettings = {
				ALWAYS_SEARCH_USER_PATHS = NO;
				CLANG_ANALYZER_NONNULL = YES;
				CLANG_ANALYZER_NUMBER_OBJECT_CONVERSION = YES_AGGRESSIVE;
				CLANG_CXX_LANGUAGE_STANDARD = "gnu++14";
				CLANG_CXX_LIBRARY = "libc++";
				CLANG_ENABLE_MODULES = YES;
				CLANG_ENABLE_OBJC_ARC = YES;
				CLANG_ENABLE_OBJC_WEAK = YES;
				CLANG_WARN_BLOCK_CAPTURE_AUTORELEASING = YES;
				CLANG_WARN_BOOL_CONVERSION = YES;
				CLANG_WARN_COMMA = YES;
				CLANG_WARN_CONSTANT_CONVERSION = YES;
				CLANG_WARN_DEPRECATED_OBJC_IMPLEMENTATIONS = YES;
				CLANG_WARN_DIRECT_OBJC_ISA_USAGE = YES_ERROR;
				CLANG_WARN_DOCUMENTATION_COMMENTS = YES;
				CLANG_WARN_EMPTY_BODY = YES;
				CLANG_WARN_ENUM_CONVERSION = YES;
				CLANG_WARN_INFINITE_RECURSION = YES;
				CLANG_WARN_INT_CONVERSION = YES;
				CLANG_WARN_NON_LITERAL_NULL_CONVERSION = YES;
				CLANG_WARN_OBJC_IMPLICIT_RETAIN_SELF = YES;
				CLANG_WARN_OBJC_LITERAL_CONVERSION = YES;
				CLANG_WARN_OBJC_ROOT_CLASS = YES_ERROR;
				CLANG_WARN_QUOTED_INCLUDE_IN_FRAMEWORK_HEADER = YES;
				CLANG_WARN_RANGE_LOOP_ANALYSIS = YES;
				CLANG_WARN_STRICT_PROTOTYPES = YES;
				CLANG_WARN_SUSPICIOUS_MOVE = YES;
				CLANG_WARN_UNGUARDED_AVAILABILITY = YES_AGGRESSIVE;
				CLANG_WARN_UNREACHABLE_CODE = YES;
				CLANG_WARN__DUPLICATE_METHOD_MATCH = YES;
				COPY_PHASE_STRIP = NO;
				DEBUG_INFORMATION_FORMAT = "dwarf-with-dsym";
				ENABLE_NS_ASSERTIONS = NO;
				ENABLE_STRICT_OBJC_MSGSEND = YES;
				GCC_C_LANGUAGE_STANDARD = gnu11;
				GCC_NO_COMMON_BLOCKS = YES;
				GCC_WARN_64_TO_32_BIT_CONVERSION = YES;
				GCC_WARN_ABOUT_RETURN_TYPE = YES_ERROR;
				GCC_WARN_UNDECLARED_SELECTOR = YES;
				GCC_WARN_UNINITIALIZED_AUTOS = YES_AGGRESSIVE;
				GCC_WARN_UNUSED_FUNCTION = YES;
				GCC_WARN_UNUSED_VARIABLE = YES;
				IPHONEOS_DEPLOYMENT_TARGET = 14.3;
				MTL_ENABLE_DEBUG_INFO = NO;
				MTL_FAST_MATH = YES;
				SDKROOT = iphoneos;
				SWIFT_COMPILATION_MODE = wholemodule;
				SWIFT_OPTIMIZATION_LEVEL = "-O";
				VALIDATE_PRODUCT = YES;
			};
			name = Release;
		};
		7FCF005525C27BC900D152D7 /* Debug */ = {
			isa = XCBuildConfiguration;
			buildSettings = {
				ASSETCATALOG_COMPILER_APPICON_NAME = AppIcon;
				ASSETCATALOG_COMPILER_GLOBAL_ACCENT_COLOR_NAME = AccentColor;
				CODE_SIGN_STYLE = Automatic;
				DEVELOPMENT_TEAM = HU7L6D5U27;
				INFOPLIST_FILE = autopay/Info.plist;
				LD_RUNPATH_SEARCH_PATHS = (
					"$(inherited)",
					"@executable_path/Frameworks",
				);
				PRODUCT_BUNDLE_IDENTIFIER = com.waleed.autopay;
				PRODUCT_NAME = "$(TARGET_NAME)";
				SWIFT_VERSION = 5.0;
				TARGETED_DEVICE_FAMILY = "1,2";
			};
			name = Debug;
		};
		7FCF005625C27BC900D152D7 /* Release */ = {
			isa = XCBuildConfiguration;
			buildSettings = {
				ASSETCATALOG_COMPILER_APPICON_NAME = AppIcon;
				ASSETCATALOG_COMPILER_GLOBAL_ACCENT_COLOR_NAME = AccentColor;
				CODE_SIGN_STYLE = Automatic;
				DEVELOPMENT_TEAM = HU7L6D5U27;
				INFOPLIST_FILE = autopay/Info.plist;
				LD_RUNPATH_SEARCH_PATHS = (
					"$(inherited)",
					"@executable_path/Frameworks",
				);
				PRODUCT_BUNDLE_IDENTIFIER = com.waleed.autopay;
				PRODUCT_NAME = "$(TARGET_NAME)";
				SWIFT_VERSION = 5.0;
				TARGETED_DEVICE_FAMILY = "1,2";
			};
			name = Release;
		};
		7FCF005825C27BC900D152D7 /* Debug */ = {
			isa = XCBuildConfiguration;
			buildSettings = {
				ALWAYS_EMBED_SWIFT_STANDARD_LIBRARIES = YES;
				BUNDLE_LOADER = "$(TEST_HOST)";
				CODE_SIGN_STYLE = Automatic;
				DEVELOPMENT_TEAM = HU7L6D5U27;
				INFOPLIST_FILE = autopayTests/Info.plist;
				IPHONEOS_DEPLOYMENT_TARGET = 14.3;
				LD_RUNPATH_SEARCH_PATHS = (
					"$(inherited)",
					"@executable_path/Frameworks",
					"@loader_path/Frameworks",
				);
				PRODUCT_BUNDLE_IDENTIFIER = com.waleed.autopayTests;
				PRODUCT_NAME = "$(TARGET_NAME)";
				SWIFT_VERSION = 5.0;
				TARGETED_DEVICE_FAMILY = "1,2";
				TEST_HOST = "$(BUILT_PRODUCTS_DIR)/autopay.app/autopay";
			};
			name = Debug;
		};
		7FCF005925C27BC900D152D7 /* Release */ = {
			isa = XCBuildConfiguration;
			buildSettings = {
				ALWAYS_EMBED_SWIFT_STANDARD_LIBRARIES = YES;
				BUNDLE_LOADER = "$(TEST_HOST)";
				CODE_SIGN_STYLE = Automatic;
				DEVELOPMENT_TEAM = HU7L6D5U27;
				INFOPLIST_FILE = autopayTests/Info.plist;
				IPHONEOS_DEPLOYMENT_TARGET = 14.3;
				LD_RUNPATH_SEARCH_PATHS = (
					"$(inherited)",
					"@executable_path/Frameworks",
					"@loader_path/Frameworks",
				);
				PRODUCT_BUNDLE_IDENTIFIER = com.waleed.autopayTests;
				PRODUCT_NAME = "$(TARGET_NAME)";
				SWIFT_VERSION = 5.0;
				TARGETED_DEVICE_FAMILY = "1,2";
				TEST_HOST = "$(BUILT_PRODUCTS_DIR)/autopay.app/autopay";
			};
			name = Release;
		};
		7FCF005B25C27BC900D152D7 /* Debug */ = {
			isa = XCBuildConfiguration;
			buildSettings = {
				ALWAYS_EMBED_SWIFT_STANDARD_LIBRARIES = YES;
				CODE_SIGN_STYLE = Automatic;
				DEVELOPMENT_TEAM = HU7L6D5U27;
				INFOPLIST_FILE = autopayUITests/Info.plist;
				LD_RUNPATH_SEARCH_PATHS = (
					"$(inherited)",
					"@executable_path/Frameworks",
					"@loader_path/Frameworks",
				);
				PRODUCT_BUNDLE_IDENTIFIER = com.waleed.autopayUITests;
				PRODUCT_NAME = "$(TARGET_NAME)";
				SWIFT_VERSION = 5.0;
				TARGETED_DEVICE_FAMILY = "1,2";
				TEST_TARGET_NAME = autopay;
			};
			name = Debug;
		};
		7FCF005C25C27BC900D152D7 /* Release */ = {
			isa = XCBuildConfiguration;
			buildSettings = {
				ALWAYS_EMBED_SWIFT_STANDARD_LIBRARIES = YES;
				CODE_SIGN_STYLE = Automatic;
				DEVELOPMENT_TEAM = HU7L6D5U27;
				INFOPLIST_FILE = autopayUITests/Info.plist;
				LD_RUNPATH_SEARCH_PATHS = (
					"$(inherited)",
					"@executable_path/Frameworks",
					"@loader_path/Frameworks",
				);
				PRODUCT_BUNDLE_IDENTIFIER = com.waleed.autopayUITests;
				PRODUCT_NAME = "$(TARGET_NAME)";
				SWIFT_VERSION = 5.0;
				TARGETED_DEVICE_FAMILY = "1,2";
				TEST_TARGET_NAME = autopay;
			};
			name = Release;
		};
/* End XCBuildConfiguration section */

/* Begin XCConfigurationList section */
		7FCF002525C27BC700D152D7 /* Build configuration list for PBXProject "autopay" */ = {
			isa = XCConfigurationList;
			buildConfigurations = (
				7FCF005225C27BC900D152D7 /* Debug */,
				7FCF005325C27BC900D152D7 /* Release */,
			);
			defaultConfigurationIsVisible = 0;
			defaultConfigurationName = Release;
		};
		7FCF005425C27BC900D152D7 /* Build configuration list for PBXNativeTarget "autopay" */ = {
			isa = XCConfigurationList;
			buildConfigurations = (
				7FCF005525C27BC900D152D7 /* Debug */,
				7FCF005625C27BC900D152D7 /* Release */,
			);
			defaultConfigurationIsVisible = 0;
			defaultConfigurationName = Release;
		};
		7FCF005725C27BC900D152D7 /* Build configuration list for PBXNativeTarget "autopayTests" */ = {
			isa = XCConfigurationList;
			buildConfigurations = (
				7FCF005825C27BC900D152D7 /* Debug */,
				7FCF005925C27BC900D152D7 /* Release */,
			);
			defaultConfigurationIsVisible = 0;
			defaultConfigurationName = Release;
		};
		7FCF005A25C27BC900D152D7 /* Build configuration list for PBXNativeTarget "autopayUITests" */ = {
			isa = XCConfigurationList;
			buildConfigurations = (
				7FCF005B25C27BC900D152D7 /* Debug */,
				7FCF005C25C27BC900D152D7 /* Release */,
			);
			defaultConfigurationIsVisible = 0;
			defaultConfigurationName = Release;
		};
/* End XCConfigurationList section */
	};
	rootObject = 7FCF002225C27BC700D152D7 /* Project object */;
}
