// !$*UTF8*$!
{
	archiveVersion = 1;
	classes = {
	};
	objectVersion = 51;
	objects = {

/* Begin PBXBuildFile section */
		08680FB8CBB99C8CFDC5099C /* Pods_autopayTests.framework in Frameworks */ = {isa = PBXBuildFile; fileRef = EE490D1734C1332B37BEBF0B /* Pods_autopayTests.framework */; };
		7C84D5DD4AB0C37019CBBB47 /* Pods_autopay_autopayUITests.framework in Frameworks */ = {isa = PBXBuildFile; fileRef = D7CFA8E31D2A26BDD7A752D8 /* Pods_autopay_autopayUITests.framework */; };
		7F290E1326406C3B000025F8 /* CreateGroupAddMemberViewController.swift in Sources */ = {isa = PBXBuildFile; fileRef = 7F290E1226406C3B000025F8 /* CreateGroupAddMemberViewController.swift */; };
		7F290E192641E4DA000025F8 /* AddMembersDelegate.swift in Sources */ = {isa = PBXBuildFile; fileRef = 7F290E182641E4DA000025F8 /* AddMembersDelegate.swift */; };
		7F290E2A26471D6F000025F8 /* GroupInfoViewController.swift in Sources */ = {isa = PBXBuildFile; fileRef = 7F290E2926471D6F000025F8 /* GroupInfoViewController.swift */; };
		7F4EE9E225C8F58B0035C8E1 /* RegisterBankViewController.swift in Sources */ = {isa = PBXBuildFile; fileRef = 7F4EE9E125C8F58B0035C8E1 /* RegisterBankViewController.swift */; };
		7F4EE9EA25C9C0160035C8E1 /* ProfileViewController.swift in Sources */ = {isa = PBXBuildFile; fileRef = 7F4EE9E925C9C0160035C8E1 /* ProfileViewController.swift */; };
		7F4EE9F225CA3F6E0035C8E1 /* RegisterCreditViewController.swift in Sources */ = {isa = PBXBuildFile; fileRef = 7F4EE9F125CA3F6E0035C8E1 /* RegisterCreditViewController.swift */; };
		7F4EE9FA25CA450A0035C8E1 /* LoginViewController.swift in Sources */ = {isa = PBXBuildFile; fileRef = 7F4EE9F925CA450A0035C8E1 /* LoginViewController.swift */; };
		7F4EEA0725D068670035C8E1 /* HomeViewController.swift in Sources */ = {isa = PBXBuildFile; fileRef = 7F4EEA0625D068670035C8E1 /* HomeViewController.swift */; };
		7F4EEA0D25D068DF0035C8E1 /* RecurringPayment.swift in Sources */ = {isa = PBXBuildFile; fileRef = 7F4EEA0C25D068DF0035C8E1 /* RecurringPayment.swift */; };
		7F4EEA1D25DB77C30035C8E1 /* User.swift in Sources */ = {isa = PBXBuildFile; fileRef = 7F4EEA1C25DB77C30035C8E1 /* User.swift */; };
		7F4EEA3025E319570035C8E1 /* BankAccount.swift in Sources */ = {isa = PBXBuildFile; fileRef = 7F4EEA2F25E319570035C8E1 /* BankAccount.swift */; };
		7F4EEA3525E31AF20035C8E1 /* CreditCard.swift in Sources */ = {isa = PBXBuildFile; fileRef = 7F4EEA3425E31AF20035C8E1 /* CreditCard.swift */; };
		7F4EEA4925E61AD10035C8E1 /* GoogleService-Info.plist in Resources */ = {isa = PBXBuildFile; fileRef = 7F4EEA4825E61AD10035C8E1 /* GoogleService-Info.plist */; };
		7FAC8A66262E7C2D00F9222A /* CreateGroupViewController.swift in Sources */ = {isa = PBXBuildFile; fileRef = 7FAC8A65262E7C2D00F9222A /* CreateGroupViewController.swift */; };
		7FAC8A83263293C800F9222A /* Member.swift in Sources */ = {isa = PBXBuildFile; fileRef = 7FAC8A82263293C800F9222A /* Member.swift */; };
		7FCF002E25C27BC700D152D7 /* AppDelegate.swift in Sources */ = {isa = PBXBuildFile; fileRef = 7FCF002D25C27BC700D152D7 /* AppDelegate.swift */; };
		7FCF003025C27BC700D152D7 /* SceneDelegate.swift in Sources */ = {isa = PBXBuildFile; fileRef = 7FCF002F25C27BC700D152D7 /* SceneDelegate.swift */; };
		7FCF003525C27BC700D152D7 /* Main.storyboard in Resources */ = {isa = PBXBuildFile; fileRef = 7FCF003325C27BC700D152D7 /* Main.storyboard */; };
		7FCF003725C27BC900D152D7 /* Assets.xcassets in Resources */ = {isa = PBXBuildFile; fileRef = 7FCF003625C27BC900D152D7 /* Assets.xcassets */; };
		7FCF003A25C27BC900D152D7 /* LaunchScreen.storyboard in Resources */ = {isa = PBXBuildFile; fileRef = 7FCF003825C27BC900D152D7 /* LaunchScreen.storyboard */; };
		7FCF004525C27BC900D152D7 /* autopayTests.swift in Sources */ = {isa = PBXBuildFile; fileRef = 7FCF004425C27BC900D152D7 /* autopayTests.swift */; };
		7FCF005025C27BC900D152D7 /* autopayUITests.swift in Sources */ = {isa = PBXBuildFile; fileRef = 7FCF004F25C27BC900D152D7 /* autopayUITests.swift */; };
		7FCF006125C27E2F00D152D7 /* LandingViewController.swift in Sources */ = {isa = PBXBuildFile; fileRef = 7FCF006025C27E2F00D152D7 /* LandingViewController.swift */; };
		7FCF006625C3C83900D152D7 /* RegisterViewController.swift in Sources */ = {isa = PBXBuildFile; fileRef = 7FCF006525C3C83900D152D7 /* RegisterViewController.swift */; };
		7FCF006E25C5D99A00D152D7 /* RegisterPaymentViewController.swift in Sources */ = {isa = PBXBuildFile; fileRef = 7FCF006D25C5D99A00D152D7 /* RegisterPaymentViewController.swift */; };
		CAF238C9C03FB645DAB524C4 /* Pods_autopay.framework in Frameworks */ = {isa = PBXBuildFile; fileRef = AF99C76A492D89001E51E76C /* Pods_autopay.framework */; };
/* End PBXBuildFile section */

/* Begin PBXContainerItemProxy section */
		7FCF004125C27BC900D152D7 /* PBXContainerItemProxy */ = {
			isa = PBXContainerItemProxy;
			containerPortal = 7FCF002225C27BC700D152D7 /* Project object */;
			proxyType = 1;
			remoteGlobalIDString = 7FCF002925C27BC700D152D7;
			remoteInfo = autopay;
		};
		7FCF004C25C27BC900D152D7 /* PBXContainerItemProxy */ = {
			isa = PBXContainerItemProxy;
			containerPortal = 7FCF002225C27BC700D152D7 /* Project object */;
			proxyType = 1;
			remoteGlobalIDString = 7FCF002925C27BC700D152D7;
			remoteInfo = autopay;
		};
/* End PBXContainerItemProxy section */

/* Begin PBXFileReference section */
		527589E40BEAC593F673F24C /* Pods-autopay-autopayUITests.debug.xcconfig */ = {isa = PBXFileReference; includeInIndex = 1; lastKnownFileType = text.xcconfig; name = "Pods-autopay-autopayUITests.debug.xcconfig"; path = "Target Support Files/Pods-autopay-autopayUITests/Pods-autopay-autopayUITests.debug.xcconfig"; sourceTree = "<group>"; };
		694116EEC22B133700598B57 /* Pods-autopayTests.release.xcconfig */ = {isa = PBXFileReference; includeInIndex = 1; lastKnownFileType = text.xcconfig; name = "Pods-autopayTests.release.xcconfig"; path = "Target Support Files/Pods-autopayTests/Pods-autopayTests.release.xcconfig"; sourceTree = "<group>"; };
		7F290E1226406C3B000025F8 /* CreateGroupAddMemberViewController.swift */ = {isa = PBXFileReference; lastKnownFileType = sourcecode.swift; path = CreateGroupAddMemberViewController.swift; sourceTree = "<group>"; };
		7F290E182641E4DA000025F8 /* AddMembersDelegate.swift */ = {isa = PBXFileReference; lastKnownFileType = sourcecode.swift; path = AddMembersDelegate.swift; sourceTree = "<group>"; };
		7F290E2926471D6F000025F8 /* GroupInfoViewController.swift */ = {isa = PBXFileReference; lastKnownFileType = sourcecode.swift; path = GroupInfoViewController.swift; sourceTree = "<group>"; };
		7F4EE9E125C8F58B0035C8E1 /* RegisterBankViewController.swift */ = {isa = PBXFileReference; lastKnownFileType = sourcecode.swift; path = RegisterBankViewController.swift; sourceTree = "<group>"; };
		7F4EE9E925C9C0160035C8E1 /* ProfileViewController.swift */ = {isa = PBXFileReference; lastKnownFileType = sourcecode.swift; path = ProfileViewController.swift; sourceTree = "<group>"; };
		7F4EE9F125CA3F6E0035C8E1 /* RegisterCreditViewController.swift */ = {isa = PBXFileReference; lastKnownFileType = sourcecode.swift; path = RegisterCreditViewController.swift; sourceTree = "<group>"; };
		7F4EE9F925CA450A0035C8E1 /* LoginViewController.swift */ = {isa = PBXFileReference; lastKnownFileType = sourcecode.swift; path = LoginViewController.swift; sourceTree = "<group>"; };
		7F4EEA0625D068670035C8E1 /* HomeViewController.swift */ = {isa = PBXFileReference; lastKnownFileType = sourcecode.swift; path = HomeViewController.swift; sourceTree = "<group>"; };
		7F4EEA0C25D068DF0035C8E1 /* RecurringPayment.swift */ = {isa = PBXFileReference; lastKnownFileType = sourcecode.swift; path = RecurringPayment.swift; sourceTree = "<group>"; };
		7F4EEA1C25DB77C30035C8E1 /* User.swift */ = {isa = PBXFileReference; lastKnownFileType = sourcecode.swift; path = User.swift; sourceTree = "<group>"; };
		7F4EEA2F25E319570035C8E1 /* BankAccount.swift */ = {isa = PBXFileReference; lastKnownFileType = sourcecode.swift; path = BankAccount.swift; sourceTree = "<group>"; };
		7F4EEA3425E31AF20035C8E1 /* CreditCard.swift */ = {isa = PBXFileReference; lastKnownFileType = sourcecode.swift; path = CreditCard.swift; sourceTree = "<group>"; };
		7F4EEA4825E61AD10035C8E1 /* GoogleService-Info.plist */ = {isa = PBXFileReference; fileEncoding = 4; lastKnownFileType = text.plist.xml; path = "GoogleService-Info.plist"; sourceTree = "<group>"; };
		7FAC8A65262E7C2D00F9222A /* CreateGroupViewController.swift */ = {isa = PBXFileReference; lastKnownFileType = sourcecode.swift; path = CreateGroupViewController.swift; sourceTree = "<group>"; };
		7FAC8A82263293C800F9222A /* Member.swift */ = {isa = PBXFileReference; lastKnownFileType = sourcecode.swift; path = Member.swift; sourceTree = "<group>"; };
		7FCF002A25C27BC700D152D7 /* autopay.app */ = {isa = PBXFileReference; explicitFileType = wrapper.application; includeInIndex = 0; path = autopay.app; sourceTree = BUILT_PRODUCTS_DIR; };
		7FCF002D25C27BC700D152D7 /* AppDelegate.swift */ = {isa = PBXFileReference; lastKnownFileType = sourcecode.swift; path = AppDelegate.swift; sourceTree = "<group>"; };
		7FCF002F25C27BC700D152D7 /* SceneDelegate.swift */ = {isa = PBXFileReference; lastKnownFileType = sourcecode.swift; path = SceneDelegate.swift; sourceTree = "<group>"; };
		7FCF003425C27BC700D152D7 /* Base */ = {isa = PBXFileReference; lastKnownFileType = file.storyboard; name = Base; path = Base.lproj/Main.storyboard; sourceTree = "<group>"; };
		7FCF003625C27BC900D152D7 /* Assets.xcassets */ = {isa = PBXFileReference; lastKnownFileType = folder.assetcatalog; path = Assets.xcassets; sourceTree = "<group>"; };
		7FCF003925C27BC900D152D7 /* Base */ = {isa = PBXFileReference; lastKnownFileType = file.storyboard; name = Base; path = Base.lproj/LaunchScreen.storyboard; sourceTree = "<group>"; };
		7FCF003B25C27BC900D152D7 /* Info.plist */ = {isa = PBXFileReference; lastKnownFileType = text.plist.xml; path = Info.plist; sourceTree = "<group>"; };
		7FCF004025C27BC900D152D7 /* autopayTests.xctest */ = {isa = PBXFileReference; explicitFileType = wrapper.cfbundle; includeInIndex = 0; path = autopayTests.xctest; sourceTree = BUILT_PRODUCTS_DIR; };
		7FCF004425C27BC900D152D7 /* autopayTests.swift */ = {isa = PBXFileReference; lastKnownFileType = sourcecode.swift; path = autopayTests.swift; sourceTree = "<group>"; };
		7FCF004625C27BC900D152D7 /* Info.plist */ = {isa = PBXFileReference; lastKnownFileType = text.plist.xml; path = Info.plist; sourceTree = "<group>"; };
		7FCF004B25C27BC900D152D7 /* autopayUITests.xctest */ = {isa = PBXFileReference; explicitFileType = wrapper.cfbundle; includeInIndex = 0; path = autopayUITests.xctest; sourceTree = BUILT_PRODUCTS_DIR; };
		7FCF004F25C27BC900D152D7 /* autopayUITests.swift */ = {isa = PBXFileReference; lastKnownFileType = sourcecode.swift; path = autopayUITests.swift; sourceTree = "<group>"; };
		7FCF005125C27BC900D152D7 /* Info.plist */ = {isa = PBXFileReference; lastKnownFileType = text.plist.xml; path = Info.plist; sourceTree = "<group>"; };
		7FCF006025C27E2F00D152D7 /* LandingViewController.swift */ = {isa = PBXFileReference; lastKnownFileType = sourcecode.swift; path = LandingViewController.swift; sourceTree = "<group>"; };
		7FCF006525C3C83900D152D7 /* RegisterViewController.swift */ = {isa = PBXFileReference; lastKnownFileType = sourcecode.swift; path = RegisterViewController.swift; sourceTree = "<group>"; };
		7FCF006D25C5D99A00D152D7 /* RegisterPaymentViewController.swift */ = {isa = PBXFileReference; lastKnownFileType = sourcecode.swift; path = RegisterPaymentViewController.swift; sourceTree = "<group>"; };
		8AE38974A2732DA4DF694BEA /* Pods-autopay.debug.xcconfig */ = {isa = PBXFileReference; includeInIndex = 1; lastKnownFileType = text.xcconfig; name = "Pods-autopay.debug.xcconfig"; path = "Target Support Files/Pods-autopay/Pods-autopay.debug.xcconfig"; sourceTree = "<group>"; };
		9D8734825E0B138AF2E6E46C /* Pods-autopay-autopayUITests.release.xcconfig */ = {isa = PBXFileReference; includeInIndex = 1; lastKnownFileType = text.xcconfig; name = "Pods-autopay-autopayUITests.release.xcconfig"; path = "Target Support Files/Pods-autopay-autopayUITests/Pods-autopay-autopayUITests.release.xcconfig"; sourceTree = "<group>"; };
		AF99C76A492D89001E51E76C /* Pods_autopay.framework */ = {isa = PBXFileReference; explicitFileType = wrapper.framework; includeInIndex = 0; path = Pods_autopay.framework; sourceTree = BUILT_PRODUCTS_DIR; };
		C3D239F51B5B39280A702318 /* Pods-autopay.release.xcconfig */ = {isa = PBXFileReference; includeInIndex = 1; lastKnownFileType = text.xcconfig; name = "Pods-autopay.release.xcconfig"; path = "Target Support Files/Pods-autopay/Pods-autopay.release.xcconfig"; sourceTree = "<group>"; };
		D7CFA8E31D2A26BDD7A752D8 /* Pods_autopay_autopayUITests.framework */ = {isa = PBXFileReference; explicitFileType = wrapper.framework; includeInIndex = 0; path = Pods_autopay_autopayUITests.framework; sourceTree = BUILT_PRODUCTS_DIR; };
		DDF0F6C6B6C1E00269273B5D /* Pods-autopayTests.debug.xcconfig */ = {isa = PBXFileReference; includeInIndex = 1; lastKnownFileType = text.xcconfig; name = "Pods-autopayTests.debug.xcconfig"; path = "Target Support Files/Pods-autopayTests/Pods-autopayTests.debug.xcconfig"; sourceTree = "<group>"; };
		EE490D1734C1332B37BEBF0B /* Pods_autopayTests.framework */ = {isa = PBXFileReference; explicitFileType = wrapper.framework; includeInIndex = 0; path = Pods_autopayTests.framework; sourceTree = BUILT_PRODUCTS_DIR; };
/* End PBXFileReference section */

/* Begin PBXFrameworksBuildPhase section */
		7FCF002725C27BC700D152D7 /* Frameworks */ = {
			isa = PBXFrameworksBuildPhase;
			buildActionMask = 2147483647;
			files = (
				CAF238C9C03FB645DAB524C4 /* Pods_autopay.framework in Frameworks */,
			);
			runOnlyForDeploymentPostprocessing = 0;
		};
		7FCF003D25C27BC900D152D7 /* Frameworks */ = {
			isa = PBXFrameworksBuildPhase;
			buildActionMask = 2147483647;
			files = (
				08680FB8CBB99C8CFDC5099C /* Pods_autopayTests.framework in Frameworks */,
			);
			runOnlyForDeploymentPostprocessing = 0;
		};
		7FCF004825C27BC900D152D7 /* Frameworks */ = {
			isa = PBXFrameworksBuildPhase;
			buildActionMask = 2147483647;
			files = (
				7C84D5DD4AB0C37019CBBB47 /* Pods_autopay_autopayUITests.framework in Frameworks */,
			);
			runOnlyForDeploymentPostprocessing = 0;
		};
/* End PBXFrameworksBuildPhase section */

/* Begin PBXGroup section */
		0D686E621594F926B0FFF1B3 /* Pods */ = {
			isa = PBXGroup;
			children = (
				8AE38974A2732DA4DF694BEA /* Pods-autopay.debug.xcconfig */,
				C3D239F51B5B39280A702318 /* Pods-autopay.release.xcconfig */,
				527589E40BEAC593F673F24C /* Pods-autopay-autopayUITests.debug.xcconfig */,
				9D8734825E0B138AF2E6E46C /* Pods-autopay-autopayUITests.release.xcconfig */,
				DDF0F6C6B6C1E00269273B5D /* Pods-autopayTests.debug.xcconfig */,
				694116EEC22B133700598B57 /* Pods-autopayTests.release.xcconfig */,
			);
			path = Pods;
			sourceTree = "<group>";
		};
		7F290E172641E4BA000025F8 /* Protocol */ = {
			isa = PBXGroup;
			children = (
				7F290E182641E4DA000025F8 /* AddMembersDelegate.swift */,
			);
			path = Protocol;
			sourceTree = "<group>";
		};
		7F290E2E26537886000025F8 /* Utility */ = {
			isa = PBXGroup;
			children = (
			);
			path = Utility;
			sourceTree = "<group>";
		};
		7F4EE9D925C8F3DC0035C8E1 /* Controller */ = {
			isa = PBXGroup;
			children = (
				7FCF006025C27E2F00D152D7 /* LandingViewController.swift */,
				7FCF006525C3C83900D152D7 /* RegisterViewController.swift */,
				7FCF006D25C5D99A00D152D7 /* RegisterPaymentViewController.swift */,
				7F4EE9E125C8F58B0035C8E1 /* RegisterBankViewController.swift */,
				7F4EE9F125CA3F6E0035C8E1 /* RegisterCreditViewController.swift */,
				7F4EE9E925C9C0160035C8E1 /* ProfileViewController.swift */,
				7F4EE9F925CA450A0035C8E1 /* LoginViewController.swift */,
				7F4EEA0625D068670035C8E1 /* HomeViewController.swift */,
				7FAC8A65262E7C2D00F9222A /* CreateGroupViewController.swift */,
				7F290E2926471D6F000025F8 /* GroupInfoViewController.swift */,
				7F290E1226406C3B000025F8 /* CreateGroupAddMemberViewController.swift */,
			);
			path = Controller;
			sourceTree = "<group>";
		};
		7F4EE9DD25C8F4EE0035C8E1 /* View */ = {
			isa = PBXGroup;
			children = (
				7FCF003325C27BC700D152D7 /* Main.storyboard */,
				7FCF003825C27BC900D152D7 /* LaunchScreen.storyboard */,
			);
			path = View;
			sourceTree = "<group>";
		};
		7F4EEA0B25D068A20035C8E1 /* Model */ = {
			isa = PBXGroup;
			children = (
				7F4EEA0C25D068DF0035C8E1 /* RecurringPayment.swift */,
				7F4EEA1C25DB77C30035C8E1 /* User.swift */,
				7F4EEA2F25E319570035C8E1 /* BankAccount.swift */,
				7F4EEA3425E31AF20035C8E1 /* CreditCard.swift */,
				7FAC8A82263293C800F9222A /* Member.swift */,
			);
			path = Model;
			sourceTree = "<group>";
		};
		7FCF002125C27BC700D152D7 = {
			isa = PBXGroup;
			children = (
				7FCF002C25C27BC700D152D7 /* autopay */,
				7FCF004325C27BC900D152D7 /* autopayTests */,
				7FCF004E25C27BC900D152D7 /* autopayUITests */,
				7FCF002B25C27BC700D152D7 /* Products */,
				0D686E621594F926B0FFF1B3 /* Pods */,
				BEF7465C3F85D74C12581C69 /* Frameworks */,
			);
			sourceTree = "<group>";
		};
		7FCF002B25C27BC700D152D7 /* Products */ = {
			isa = PBXGroup;
			children = (
				7FCF002A25C27BC700D152D7 /* autopay.app */,
				7FCF004025C27BC900D152D7 /* autopayTests.xctest */,
				7FCF004B25C27BC900D152D7 /* autopayUITests.xctest */,
			);
			name = Products;
			sourceTree = "<group>";
		};
		7FCF002C25C27BC700D152D7 /* autopay */ = {
			isa = PBXGroup;
			children = (
				7F290E2E26537886000025F8 /* Utility */,
				7F290E172641E4BA000025F8 /* Protocol */,
				7F4EEA0B25D068A20035C8E1 /* Model */,
				7F4EE9DD25C8F4EE0035C8E1 /* View */,
				7F4EE9D925C8F3DC0035C8E1 /* Controller */,
				7FCF002D25C27BC700D152D7 /* AppDelegate.swift */,
				7F4EEA4825E61AD10035C8E1 /* GoogleService-Info.plist */,
				7FCF002F25C27BC700D152D7 /* SceneDelegate.swift */,
				7FCF003625C27BC900D152D7 /* Assets.xcassets */,
				7FCF003B25C27BC900D152D7 /* Info.plist */,
			);
			path = autopay;
			sourceTree = "<group>";
		};
		7FCF004325C27BC900D152D7 /* autopayTests */ = {
			isa = PBXGroup;
			children = (
				7FCF004425C27BC900D152D7 /* autopayTests.swift */,
				7FCF004625C27BC900D152D7 /* Info.plist */,
			);
			path = autopayTests;
			sourceTree = "<group>";
		};
		7FCF004E25C27BC900D152D7 /* autopayUITests */ = {
			isa = PBXGroup;
			children = (
				7FCF004F25C27BC900D152D7 /* autopayUITests.swift */,
				7FCF005125C27BC900D152D7 /* Info.plist */,
			);
			path = autopayUITests;
			sourceTree = "<group>";
		};
		BEF7465C3F85D74C12581C69 /* Frameworks */ = {
			isa = PBXGroup;
			children = (
				AF99C76A492D89001E51E76C /* Pods_autopay.framework */,
				D7CFA8E31D2A26BDD7A752D8 /* Pods_autopay_autopayUITests.framework */,
				EE490D1734C1332B37BEBF0B /* Pods_autopayTests.framework */,
			);
			name = Frameworks;
			sourceTree = "<group>";
		};
/* End PBXGroup section */

/* Begin PBXNativeTarget section */
		7FCF002925C27BC700D152D7 /* autopay */ = {
			isa = PBXNativeTarget;
			buildConfigurationList = 7FCF005425C27BC900D152D7 /* Build configuration list for PBXNativeTarget "autopay" */;
			buildPhases = (
				4F7BA718A0C0F7334FB5B46D /* [CP] Check Pods Manifest.lock */,
				7FCF002625C27BC700D152D7 /* Sources */,
				7FCF002725C27BC700D152D7 /* Frameworks */,
				7FCF002825C27BC700D152D7 /* Resources */,
				0F46EA906BD6BEF77507F0E8 /* [CP] Embed Pods Frameworks */,
			);
			buildRules = (
			);
			dependencies = (
			);
			name = autopay;
			productName = autopay;
			productReference = 7FCF002A25C27BC700D152D7 /* autopay.app */;
			productType = "com.apple.product-type.application";
		};
		7FCF003F25C27BC900D152D7 /* autopayTests */ = {
			isa = PBXNativeTarget;
			buildConfigurationList = 7FCF005725C27BC900D152D7 /* Build configuration list for PBXNativeTarget "autopayTests" */;
			buildPhases = (
				D0E1EFC14CA150A318FC7A25 /* [CP] Check Pods Manifest.lock */,
				7FCF003C25C27BC900D152D7 /* Sources */,
				7FCF003D25C27BC900D152D7 /* Frameworks */,
				7FCF003E25C27BC900D152D7 /* Resources */,
			);
			buildRules = (
			);
			dependencies = (
				7FCF004225C27BC900D152D7 /* PBXTargetDependency */,
			);
			name = autopayTests;
			productName = autopayTests;
			productReference = 7FCF004025C27BC900D152D7 /* autopayTests.xctest */;
			productType = "com.apple.product-type.bundle.unit-test";
		};
		7FCF004A25C27BC900D152D7 /* autopayUITests */ = {
			isa = PBXNativeTarget;
			buildConfigurationList = 7FCF005A25C27BC900D152D7 /* Build configuration list for PBXNativeTarget "autopayUITests" */;
			buildPhases = (
				02E4FA90BCB4AC82017C2792 /* [CP] Check Pods Manifest.lock */,
				7FCF004725C27BC900D152D7 /* Sources */,
				7FCF004825C27BC900D152D7 /* Frameworks */,
				7FCF004925C27BC900D152D7 /* Resources */,
				6B80C8D8A94266A85B5CA33F /* [CP] Embed Pods Frameworks */,
			);
			buildRules = (
			);
			dependencies = (
				7FCF004D25C27BC900D152D7 /* PBXTargetDependency */,
			);
			name = autopayUITests;
			productName = autopayUITests;
			productReference = 7FCF004B25C27BC900D152D7 /* autopayUITests.xctest */;
			productType = "com.apple.product-type.bundle.ui-testing";
		};
/* End PBXNativeTarget section */

/* Begin PBXProject section */
		7FCF002225C27BC700D152D7 /* Project object */ = {
			isa = PBXProject;
			attributes = {
				LastSwiftUpdateCheck = 1230;
				LastUpgradeCheck = 1230;
				TargetAttributes = {
					7FCF002925C27BC700D152D7 = {
						CreatedOnToolsVersion = 12.3;
					};
					7FCF003F25C27BC900D152D7 = {
						CreatedOnToolsVersion = 12.3;
						TestTargetID = 7FCF002925C27BC700D152D7;
					};
					7FCF004A25C27BC900D152D7 = {
						CreatedOnToolsVersion = 12.3;
						TestTargetID = 7FCF002925C27BC700D152D7;
					};
				};
			};
			buildConfigurationList = 7FCF002525C27BC700D152D7 /* Build configuration list for PBXProject "autopay" */;
			compatibilityVersion = "Xcode 9.3";
			developmentRegion = en;
			hasScannedForEncodings = 0;
			knownRegions = (
				en,
				Base,
			);
			mainGroup = 7FCF002125C27BC700D152D7;
			productRefGroup = 7FCF002B25C27BC700D152D7 /* Products */;
			projectDirPath = "";
			projectRoot = "";
			targets = (
				7FCF002925C27BC700D152D7 /* autopay */,
				7FCF003F25C27BC900D152D7 /* autopayTests */,
				7FCF004A25C27BC900D152D7 /* autopayUITests */,
			);
		};
/* End PBXProject section */

/* Begin PBXResourcesBuildPhase section */
		7FCF002825C27BC700D152D7 /* Resources */ = {
			isa = PBXResourcesBuildPhase;
			buildActionMask = 2147483647;
			files = (
				7FCF003A25C27BC900D152D7 /* LaunchScreen.storyboard in Resources */,
				7F4EEA4925E61AD10035C8E1 /* GoogleService-Info.plist in Resources */,
				7FCF003725C27BC900D152D7 /* Assets.xcassets in Resources */,
				7FCF003525C27BC700D152D7 /* Main.storyboard in Resources */,
			);
			runOnlyForDeploymentPostprocessing = 0;
		};
		7FCF003E25C27BC900D152D7 /* Resources */ = {
			isa = PBXResourcesBuildPhase;
			buildActionMask = 2147483647;
			files = (
			);
			runOnlyForDeploymentPostprocessing = 0;
		};
		7FCF004925C27BC900D152D7 /* Resources */ = {
			isa = PBXResourcesBuildPhase;
			buildActionMask = 2147483647;
			files = (
			);
			runOnlyForDeploymentPostprocessing = 0;
		};
/* End PBXResourcesBuildPhase section */

/* Begin PBXShellScriptBuildPhase section */
		02E4FA90BCB4AC82017C2792 /* [CP] Check Pods Manifest.lock */ = {
			isa = PBXShellScriptBuildPhase;
			buildActionMask = 2147483647;
			files = (
			);
			inputFileListPaths = (
			);
			inputPaths = (
				"${PODS_PODFILE_DIR_PATH}/Podfile.lock",
				"${PODS_ROOT}/Manifest.lock",
			);
			name = "[CP] Check Pods Manifest.lock";
			outputFileListPaths = (
			);
			outputPaths = (
				"$(DERIVED_FILE_DIR)/Pods-autopay-autopayUITests-checkManifestLockResult.txt",
			);
			runOnlyForDeploymentPostprocessing = 0;
			shellPath = /bin/sh;
			shellScript = "diff \"${PODS_PODFILE_DIR_PATH}/Podfile.lock\" \"${PODS_ROOT}/Manifest.lock\" > /dev/null\nif [ $? != 0 ] ; then\n    # print error to STDERR\n    echo \"error: The sandbox is not in sync with the Podfile.lock. Run 'pod install' or update your CocoaPods installation.\" >&2\n    exit 1\nfi\n# This output is used by Xcode 'outputs' to avoid re-running this script phase.\necho \"SUCCESS\" > \"${SCRIPT_OUTPUT_FILE_0}\"\n";
			showEnvVarsInLog = 0;
		};
		0F46EA906BD6BEF77507F0E8 /* [CP] Embed Pods Frameworks */ = {
			isa = PBXShellScriptBuildPhase;
			buildActionMask = 2147483647;
			files = (
			);
			inputFileListPaths = (
				"${PODS_ROOT}/Target Support Files/Pods-autopay/Pods-autopay-frameworks-${CONFIGURATION}-input-files.xcfilelist",
			);
			name = "[CP] Embed Pods Frameworks";
			outputFileListPaths = (
				"${PODS_ROOT}/Target Support Files/Pods-autopay/Pods-autopay-frameworks-${CONFIGURATION}-output-files.xcfilelist",
			);
			runOnlyForDeploymentPostprocessing = 0;
			shellPath = /bin/sh;
			shellScript = "\"${PODS_ROOT}/Target Support Files/Pods-autopay/Pods-autopay-frameworks.sh\"\n";
			showEnvVarsInLog = 0;
		};
		4F7BA718A0C0F7334FB5B46D /* [CP] Check Pods Manifest.lock */ = {
			isa = PBXShellScriptBuildPhase;
			buildActionMask = 2147483647;
			files = (
			);
			inputFileListPaths = (
			);
			inputPaths = (
				"${PODS_PODFILE_DIR_PATH}/Podfile.lock",
				"${PODS_ROOT}/Manifest.lock",
			);
			name = "[CP] Check Pods Manifest.lock";
			outputFileListPaths = (
			);
			outputPaths = (
				"$(DERIVED_FILE_DIR)/Pods-autopay-checkManifestLockResult.txt",
			);
			runOnlyForDeploymentPostprocessing = 0;
			shellPath = /bin/sh;
			shellScript = "diff \"${PODS_PODFILE_DIR_PATH}/Podfile.lock\" \"${PODS_ROOT}/Manifest.lock\" > /dev/null\nif [ $? != 0 ] ; then\n    # print error to STDERR\n    echo \"error: The sandbox is not in sync with the Podfile.lock. Run 'pod install' or update your CocoaPods installation.\" >&2\n    exit 1\nfi\n# This output is used by Xcode 'outputs' to avoid re-running this script phase.\necho \"SUCCESS\" > \"${SCRIPT_OUTPUT_FILE_0}\"\n";
			showEnvVarsInLog = 0;
		};
		6B80C8D8A94266A85B5CA33F /* [CP] Embed Pods Frameworks */ = {
			isa = PBXShellScriptBuildPhase;
			buildActionMask = 2147483647;
			files = (
			);
			inputFileListPaths = (
				"${PODS_ROOT}/Target Support Files/Pods-autopay-autopayUITests/Pods-autopay-autopayUITests-frameworks-${CONFIGURATION}-input-files.xcfilelist",
			);
			name = "[CP] Embed Pods Frameworks";
			outputFileListPaths = (
				"${PODS_ROOT}/Target Support Files/Pods-autopay-autopayUITests/Pods-autopay-autopayUITests-frameworks-${CONFIGURATION}-output-files.xcfilelist",
			);
			runOnlyForDeploymentPostprocessing = 0;
			shellPath = /bin/sh;
			shellScript = "\"${PODS_ROOT}/Target Support Files/Pods-autopay-autopayUITests/Pods-autopay-autopayUITests-frameworks.sh\"\n";
			showEnvVarsInLog = 0;
		};
		D0E1EFC14CA150A318FC7A25 /* [CP] Check Pods Manifest.lock */ = {
			isa = PBXShellScriptBuildPhase;
			buildActionMask = 2147483647;
			files = (
			);
			inputFileListPaths = (
			);
			inputPaths = (
				"${PODS_PODFILE_DIR_PATH}/Podfile.lock",
				"${PODS_ROOT}/Manifest.lock",
			);
			name = "[CP] Check Pods Manifest.lock";
			outputFileListPaths = (
			);
			outputPaths = (
				"$(DERIVED_FILE_DIR)/Pods-autopayTests-checkManifestLockResult.txt",
			);
			runOnlyForDeploymentPostprocessing = 0;
			shellPath = /bin/sh;
			shellScript = "diff \"${PODS_PODFILE_DIR_PATH}/Podfile.lock\" \"${PODS_ROOT}/Manifest.lock\" > /dev/null\nif [ $? != 0 ] ; then\n    # print error to STDERR\n    echo \"error: The sandbox is not in sync with the Podfile.lock. Run 'pod install' or update your CocoaPods installation.\" >&2\n    exit 1\nfi\n# This output is used by Xcode 'outputs' to avoid re-running this script phase.\necho \"SUCCESS\" > \"${SCRIPT_OUTPUT_FILE_0}\"\n";
			showEnvVarsInLog = 0;
		};
/* End PBXShellScriptBuildPhase section */

/* Begin PBXSourcesBuildPhase section */
		7FCF002625C27BC700D152D7 /* Sources */ = {
			isa = PBXSourcesBuildPhase;
			buildActionMask = 2147483647;
			files = (
				7F4EEA1D25DB77C30035C8E1 /* User.swift in Sources */,
				7F4EE9FA25CA450A0035C8E1 /* LoginViewController.swift in Sources */,
				7FCF006E25C5D99A00D152D7 /* RegisterPaymentViewController.swift in Sources */,
				7FCF006125C27E2F00D152D7 /* LandingViewController.swift in Sources */,
				7FCF006625C3C83900D152D7 /* RegisterViewController.swift in Sources */,
				7F4EEA3025E319570035C8E1 /* BankAccount.swift in Sources */,
				7FAC8A66262E7C2D00F9222A /* CreateGroupViewController.swift in Sources */,
				7F4EEA3525E31AF20035C8E1 /* CreditCard.swift in Sources */,
				7F4EE9E225C8F58B0035C8E1 /* RegisterBankViewController.swift in Sources */,
				7F290E2A26471D6F000025F8 /* GroupInfoViewController.swift in Sources */,
				7F4EE9F225CA3F6E0035C8E1 /* RegisterCreditViewController.swift in Sources */,
				7F290E192641E4DA000025F8 /* AddMembersDelegate.swift in Sources */,
				7F4EEA0725D068670035C8E1 /* HomeViewController.swift in Sources */,
				7FCF002E25C27BC700D152D7 /* AppDelegate.swift in Sources */,
				7F290E1326406C3B000025F8 /* CreateGroupAddMemberViewController.swift in Sources */,
				7FAC8A83263293C800F9222A /* Member.swift in Sources */,
				7F4EE9EA25C9C0160035C8E1 /* ProfileViewController.swift in Sources */,
				7FCF003025C27BC700D152D7 /* SceneDelegate.swift in Sources */,
				7F4EEA0D25D068DF0035C8E1 /* RecurringPayment.swift in Sources */,
			);
			runOnlyForDeploymentPostprocessing = 0;
		};
		7FCF003C25C27BC900D152D7 /* Sources */ = {
			isa = PBXSourcesBuildPhase;
			buildActionMask = 2147483647;
			files = (
				7FCF004525C27BC900D152D7 /* autopayTests.swift in Sources */,
			);
			runOnlyForDeploymentPostprocessing = 0;
		};
		7FCF004725C27BC900D152D7 /* Sources */ = {
			isa = PBXSourcesBuildPhase;
			buildActionMask = 2147483647;
			files = (
				7FCF005025C27BC900D152D7 /* autopayUITests.swift in Sources */,
			);
			runOnlyForDeploymentPostprocessing = 0;
		};
/* End PBXSourcesBuildPhase section */

/* Begin PBXTargetDependency section */
		7FCF004225C27BC900D152D7 /* PBXTargetDependency */ = {
			isa = PBXTargetDependency;
			target = 7FCF002925C27BC700D152D7 /* autopay */;
			targetProxy = 7FCF004125C27BC900D152D7 /* PBXContainerItemProxy */;
		};
		7FCF004D25C27BC900D152D7 /* PBXTargetDependency */ = {
			isa = PBXTargetDependency;
			target = 7FCF002925C27BC700D152D7 /* autopay */;
			targetProxy = 7FCF004C25C27BC900D152D7 /* PBXContainerItemProxy */;
		};
/* End PBXTargetDependency section */

/* Begin PBXVariantGroup section */
		7FCF003325C27BC700D152D7 /* Main.storyboard */ = {
			isa = PBXVariantGroup;
			children = (
				7FCF003425C27BC700D152D7 /* Base */,
			);
			name = Main.storyboard;
			sourceTree = "<group>";
		};
		7FCF003825C27BC900D152D7 /* LaunchScreen.storyboard */ = {
			isa = PBXVariantGroup;
			children = (
				7FCF003925C27BC900D152D7 /* Base */,
			);
			name = LaunchScreen.storyboard;
			sourceTree = "<group>";
		};
/* End PBXVariantGroup section */

/* Begin XCBuildConfiguration section */
		7FCF005225C27BC900D152D7 /* Debug */ = {
			isa = XCBuildConfiguration;
			buildSettings = {
				ALWAYS_SEARCH_USER_PATHS = NO;
				CLANG_ANALYZER_NONNULL = YES;
				CLANG_ANALYZER_NUMBER_OBJECT_CONVERSION = YES_AGGRESSIVE;
				CLANG_CXX_LANGUAGE_STANDARD = "gnu++14";
				CLANG_CXX_LIBRARY = "libc++";
				CLANG_ENABLE_MODULES = YES;
				CLANG_ENABLE_OBJC_ARC = YES;
				CLANG_ENABLE_OBJC_WEAK = YES;
				CLANG_WARN_BLOCK_CAPTURE_AUTORELEASING = YES;
				CLANG_WARN_BOOL_CONVERSION = YES;
				CLANG_WARN_COMMA = YES;
				CLANG_WARN_CONSTANT_CONVERSION = YES;
				CLANG_WARN_DEPRECATED_OBJC_IMPLEMENTATIONS = YES;
				CLANG_WARN_DIRECT_OBJC_ISA_USAGE = YES_ERROR;
				CLANG_WARN_DOCUMENTATION_COMMENTS = YES;
				CLANG_WARN_EMPTY_BODY = YES;
				CLANG_WARN_ENUM_CONVERSION = YES;
				CLANG_WARN_INFINITE_RECURSION = YES;
				CLANG_WARN_INT_CONVERSION = YES;
				CLANG_WARN_NON_LITERAL_NULL_CONVERSION = YES;
				CLANG_WARN_OBJC_IMPLICIT_RETAIN_SELF = YES;
				CLANG_WARN_OBJC_LITERAL_CONVERSION = YES;
				CLANG_WARN_OBJC_ROOT_CLASS = YES_ERROR;
				CLANG_WARN_QUOTED_INCLUDE_IN_FRAMEWORK_HEADER = YES;
				CLANG_WARN_RANGE_LOOP_ANALYSIS = YES;
				CLANG_WARN_STRICT_PROTOTYPES = YES;
				CLANG_WARN_SUSPICIOUS_MOVE = YES;
				CLANG_WARN_UNGUARDED_AVAILABILITY = YES_AGGRESSIVE;
				CLANG_WARN_UNREACHABLE_CODE = YES;
				CLANG_WARN__DUPLICATE_METHOD_MATCH = YES;
				COPY_PHASE_STRIP = NO;
				DEBUG_INFORMATION_FORMAT = dwarf;
				ENABLE_STRICT_OBJC_MSGSEND = YES;
				ENABLE_TESTABILITY = YES;
				GCC_C_LANGUAGE_STANDARD = gnu11;
				GCC_DYNAMIC_NO_PIC = NO;
				GCC_NO_COMMON_BLOCKS = YES;
				GCC_OPTIMIZATION_LEVEL = 0;
				GCC_PREPROCESSOR_DEFINITIONS = (
					"DEBUG=1",
					"$(inherited)",
				);
				GCC_WARN_64_TO_32_BIT_CONVERSION = YES;
				GCC_WARN_ABOUT_RETURN_TYPE = YES_ERROR;
				GCC_WARN_UNDECLARED_SELECTOR = YES;
				GCC_WARN_UNINITIALIZED_AUTOS = YES_AGGRESSIVE;
				GCC_WARN_UNUSED_FUNCTION = YES;
				GCC_WARN_UNUSED_VARIABLE = YES;
				IPHONEOS_DEPLOYMENT_TARGET = 14.3;
				MTL_ENABLE_DEBUG_INFO = INCLUDE_SOURCE;
				MTL_FAST_MATH = YES;
				ONLY_ACTIVE_ARCH = YES;
				SDKROOT = iphoneos;
				SWIFT_ACTIVE_COMPILATION_CONDITIONS = DEBUG;
				SWIFT_OPTIMIZATION_LEVEL = "-Onone";
			};
			name = Debug;
		};
		7FCF005325C27BC900D152D7 /* Release */ = {
			isa = XCBuildConfiguration;
			buildSettings = {
				ALWAYS_SEARCH_USER_PATHS = NO;
				CLANG_ANALYZER_NONNULL = YES;
				CLANG_ANALYZER_NUMBER_OBJECT_CONVERSION = YES_AGGRESSIVE;
				CLANG_CXX_LANGUAGE_STANDARD = "gnu++14";
				CLANG_CXX_LIBRARY = "libc++";
				CLANG_ENABLE_MODULES = YES;
				CLANG_ENABLE_OBJC_ARC = YES;
				CLANG_ENABLE_OBJC_WEAK = YES;
				CLANG_WARN_BLOCK_CAPTURE_AUTORELEASING = YES;
				CLANG_WARN_BOOL_CONVERSION = YES;
				CLANG_WARN_COMMA = YES;
				CLANG_WARN_CONSTANT_CONVERSION = YES;
				CLANG_WARN_DEPRECATED_OBJC_IMPLEMENTATIONS = YES;
				CLANG_WARN_DIRECT_OBJC_ISA_USAGE = YES_ERROR;
				CLANG_WARN_DOCUMENTATION_COMMENTS = YES;
				CLANG_WARN_EMPTY_BODY = YES;
				CLANG_WARN_ENUM_CONVERSION = YES;
				CLANG_WARN_INFINITE_RECURSION = YES;
				CLANG_WARN_INT_CONVERSION = YES;
				CLANG_WARN_NON_LITERAL_NULL_CONVERSION = YES;
				CLANG_WARN_OBJC_IMPLICIT_RETAIN_SELF = YES;
				CLANG_WARN_OBJC_LITERAL_CONVERSION = YES;
				CLANG_WARN_OBJC_ROOT_CLASS = YES_ERROR;
				CLANG_WARN_QUOTED_INCLUDE_IN_FRAMEWORK_HEADER = YES;
				CLANG_WARN_RANGE_LOOP_ANALYSIS = YES;
				CLANG_WARN_STRICT_PROTOTYPES = YES;
				CLANG_WARN_SUSPICIOUS_MOVE = YES;
				CLANG_WARN_UNGUARDED_AVAILABILITY = YES_AGGRESSIVE;
				CLANG_WARN_UNREACHABLE_CODE = YES;
				CLANG_WARN__DUPLICATE_METHOD_MATCH = YES;
				COPY_PHASE_STRIP = NO;
				DEBUG_INFORMATION_FORMAT = "dwarf-with-dsym";
				ENABLE_NS_ASSERTIONS = NO;
				ENABLE_STRICT_OBJC_MSGSEND = YES;
				GCC_C_LANGUAGE_STANDARD = gnu11;
				GCC_NO_COMMON_BLOCKS = YES;
				GCC_WARN_64_TO_32_BIT_CONVERSION = YES;
				GCC_WARN_ABOUT_RETURN_TYPE = YES_ERROR;
				GCC_WARN_UNDECLARED_SELECTOR = YES;
				GCC_WARN_UNINITIALIZED_AUTOS = YES_AGGRESSIVE;
				GCC_WARN_UNUSED_FUNCTION = YES;
				GCC_WARN_UNUSED_VARIABLE = YES;
				IPHONEOS_DEPLOYMENT_TARGET = 14.3;
				MTL_ENABLE_DEBUG_INFO = NO;
				MTL_FAST_MATH = YES;
				SDKROOT = iphoneos;
				SWIFT_COMPILATION_MODE = wholemodule;
				SWIFT_OPTIMIZATION_LEVEL = "-O";
				VALIDATE_PRODUCT = YES;
			};
			name = Release;
		};
		7FCF005525C27BC900D152D7 /* Debug */ = {
			isa = XCBuildConfiguration;
			baseConfigurationReference = 8AE38974A2732DA4DF694BEA /* Pods-autopay.debug.xcconfig */;
			buildSettings = {
				ASSETCATALOG_COMPILER_APPICON_NAME = AppIcon;
				ASSETCATALOG_COMPILER_GLOBAL_ACCENT_COLOR_NAME = AccentColor;
				CODE_SIGN_STYLE = Automatic;
				DEVELOPMENT_TEAM = HU7L6D5U27;
				INFOPLIST_FILE = autopay/Info.plist;
				LD_RUNPATH_SEARCH_PATHS = (
					"$(inherited)",
					"@executable_path/Frameworks",
				);
				PRODUCT_BUNDLE_IDENTIFIER = com.waleed.autopay;
				PRODUCT_NAME = "$(TARGET_NAME)";
				SWIFT_VERSION = 5.0;
				TARGETED_DEVICE_FAMILY = "1,2";
			};
			name = Debug;
		};
		7FCF005625C27BC900D152D7 /* Release */ = {
			isa = XCBuildConfiguration;
			baseConfigurationReference = C3D239F51B5B39280A702318 /* Pods-autopay.release.xcconfig */;
			buildSettings = {
				ASSETCATALOG_COMPILER_APPICON_NAME = AppIcon;
				ASSETCATALOG_COMPILER_GLOBAL_ACCENT_COLOR_NAME = AccentColor;
				CODE_SIGN_STYLE = Automatic;
				DEVELOPMENT_TEAM = HU7L6D5U27;
				INFOPLIST_FILE = autopay/Info.plist;
				LD_RUNPATH_SEARCH_PATHS = (
					"$(inherited)",
					"@executable_path/Frameworks",
				);
				PRODUCT_BUNDLE_IDENTIFIER = com.waleed.autopay;
				PRODUCT_NAME = "$(TARGET_NAME)";
				SWIFT_VERSION = 5.0;
				TARGETED_DEVICE_FAMILY = "1,2";
			};
			name = Release;
		};
		7FCF005825C27BC900D152D7 /* Debug */ = {
			isa = XCBuildConfiguration;
			baseConfigurationReference = DDF0F6C6B6C1E00269273B5D /* Pods-autopayTests.debug.xcconfig */;
			buildSettings = {
				ALWAYS_EMBED_SWIFT_STANDARD_LIBRARIES = YES;
				BUNDLE_LOADER = "$(TEST_HOST)";
				CODE_SIGN_STYLE = Automatic;
				DEVELOPMENT_TEAM = HU7L6D5U27;
				INFOPLIST_FILE = autopayTests/Info.plist;
				IPHONEOS_DEPLOYMENT_TARGET = 14.3;
				LD_RUNPATH_SEARCH_PATHS = (
					"$(inherited)",
					"@executable_path/Frameworks",
					"@loader_path/Frameworks",
				);
				PRODUCT_BUNDLE_IDENTIFIER = com.waleed.autopayTests;
				PRODUCT_NAME = "$(TARGET_NAME)";
				SWIFT_VERSION = 5.0;
				TARGETED_DEVICE_FAMILY = "1,2";
				TEST_HOST = "$(BUILT_PRODUCTS_DIR)/autopay.app/autopay";
			};
			name = Debug;
		};
		7FCF005925C27BC900D152D7 /* Release */ = {
			isa = XCBuildConfiguration;
			baseConfigurationReference = 694116EEC22B133700598B57 /* Pods-autopayTests.release.xcconfig */;
			buildSettings = {
				ALWAYS_EMBED_SWIFT_STANDARD_LIBRARIES = YES;
				BUNDLE_LOADER = "$(TEST_HOST)";
				CODE_SIGN_STYLE = Automatic;
				DEVELOPMENT_TEAM = HU7L6D5U27;
				INFOPLIST_FILE = autopayTests/Info.plist;
				IPHONEOS_DEPLOYMENT_TARGET = 14.3;
				LD_RUNPATH_SEARCH_PATHS = (
					"$(inherited)",
					"@executable_path/Frameworks",
					"@loader_path/Frameworks",
				);
				PRODUCT_BUNDLE_IDENTIFIER = com.waleed.autopayTests;
				PRODUCT_NAME = "$(TARGET_NAME)";
				SWIFT_VERSION = 5.0;
				TARGETED_DEVICE_FAMILY = "1,2";
				TEST_HOST = "$(BUILT_PRODUCTS_DIR)/autopay.app/autopay";
			};
			name = Release;
		};
		7FCF005B25C27BC900D152D7 /* Debug */ = {
			isa = XCBuildConfiguration;
			baseConfigurationReference = 527589E40BEAC593F673F24C /* Pods-autopay-autopayUITests.debug.xcconfig */;
			buildSettings = {
				ALWAYS_EMBED_SWIFT_STANDARD_LIBRARIES = YES;
				CODE_SIGN_STYLE = Automatic;
				DEVELOPMENT_TEAM = HU7L6D5U27;
				INFOPLIST_FILE = autopayUITests/Info.plist;
				LD_RUNPATH_SEARCH_PATHS = (
					"$(inherited)",
					"@executable_path/Frameworks",
					"@loader_path/Frameworks",
				);
				PRODUCT_BUNDLE_IDENTIFIER = com.waleed.autopayUITests;
				PRODUCT_NAME = "$(TARGET_NAME)";
				SWIFT_VERSION = 5.0;
				TARGETED_DEVICE_FAMILY = "1,2";
				TEST_TARGET_NAME = autopay;
			};
			name = Debug;
		};
		7FCF005C25C27BC900D152D7 /* Release */ = {
			isa = XCBuildConfiguration;
			baseConfigurationReference = 9D8734825E0B138AF2E6E46C /* Pods-autopay-autopayUITests.release.xcconfig */;
			buildSettings = {
				ALWAYS_EMBED_SWIFT_STANDARD_LIBRARIES = YES;
				CODE_SIGN_STYLE = Automatic;
				DEVELOPMENT_TEAM = HU7L6D5U27;
				INFOPLIST_FILE = autopayUITests/Info.plist;
				LD_RUNPATH_SEARCH_PATHS = (
					"$(inherited)",
					"@executable_path/Frameworks",
					"@loader_path/Frameworks",
				);
				PRODUCT_BUNDLE_IDENTIFIER = com.waleed.autopayUITests;
				PRODUCT_NAME = "$(TARGET_NAME)";
				SWIFT_VERSION = 5.0;
				TARGETED_DEVICE_FAMILY = "1,2";
				TEST_TARGET_NAME = autopay;
			};
			name = Release;
		};
/* End XCBuildConfiguration section */

/* Begin XCConfigurationList section */
		7FCF002525C27BC700D152D7 /* Build configuration list for PBXProject "autopay" */ = {
			isa = XCConfigurationList;
			buildConfigurations = (
				7FCF005225C27BC900D152D7 /* Debug */,
				7FCF005325C27BC900D152D7 /* Release */,
			);
			defaultConfigurationIsVisible = 0;
			defaultConfigurationName = Release;
		};
		7FCF005425C27BC900D152D7 /* Build configuration list for PBXNativeTarget "autopay" */ = {
			isa = XCConfigurationList;
			buildConfigurations = (
				7FCF005525C27BC900D152D7 /* Debug */,
				7FCF005625C27BC900D152D7 /* Release */,
			);
			defaultConfigurationIsVisible = 0;
			defaultConfigurationName = Release;
		};
		7FCF005725C27BC900D152D7 /* Build configuration list for PBXNativeTarget "autopayTests" */ = {
			isa = XCConfigurationList;
			buildConfigurations = (
				7FCF005825C27BC900D152D7 /* Debug */,
				7FCF005925C27BC900D152D7 /* Release */,
			);
			defaultConfigurationIsVisible = 0;
			defaultConfigurationName = Release;
		};
		7FCF005A25C27BC900D152D7 /* Build configuration list for PBXNativeTarget "autopayUITests" */ = {
			isa = XCConfigurationList;
			buildConfigurations = (
				7FCF005B25C27BC900D152D7 /* Debug */,
				7FCF005C25C27BC900D152D7 /* Release */,
			);
			defaultConfigurationIsVisible = 0;
			defaultConfigurationName = Release;
		};
/* End XCConfigurationList section */
	};
	rootObject = 7FCF002225C27BC700D152D7 /* Project object */;
}
